
Microsoft Visual Studio Solution File, Format Version 12.00
# Visual Studio Version 17
VisualStudioVersion = 17.7.34024.191
MinimumVisualStudioVersion = 10.0.40219.1
Project("{888888A0-9F3D-457C-B088-3A5042F75D52}") = "Lap3", "Lap3.pyproj", "{B85CF4DA-0964-493F-BCF6-33190CF999B7}"
EndProject
Global
	GlobalSection(SolutionConfigurationPlatforms) = preSolution
		Debug|Any CPU = Debug|Any CPU
		Release|Any CPU = Release|Any CPU
	EndGlobalSection
	GlobalSection(ProjectConfigurationPlatforms) = postSolution
		{B85CF4DA-0964-493F-BCF6-33190CF999B7}.Debug|Any CPU.ActiveCfg = Debug|Any CPU
		{B85CF4DA-0964-493F-BCF6-33190CF999B7}.Release|Any CPU.ActiveCfg = Release|Any CPU
	EndGlobalSection
	GlobalSection(SolutionProperties) = preSolution
		HideSolutionNode = FALSE
	EndGlobalSection
	GlobalSection(ExtensibilityGlobals) = postSolution
		SolutionGuid = {45C5FD67-1BF7-4B22-8806-9E5006B5E4C9}
	EndGlobalSection
EndGlobal
